# THIS IS AN AUTOGENERATED FILE. DO NOT EDIT THIS FILE DIRECTLY.
assets/style.css:
  development: 2018-05-17T22:24:15-04:00   f46d18c3f7cab8fbf0d97b0bb0ab65c0
config/settings_data.json:
  development: 2018-05-17T22:24:15-04:00
config/settings_schema.json:
  development: 2018-05-16T22:19:48-04:00   4f1ace659a3d4a6375c6298726697abc
layout/theme.liquid:
  development: 2018-05-17T22:24:10-04:00   e3051644673776b213306abae05b5df6
templates/404.liquid:
  development: 2018-05-17T22:24:14-04:00   085c00de7de52a7d6dddf2a6f8d70657
templates/article.liquid:
  development: 2018-05-17T22:24:13-04:00   73c6b3a181082921125af788e68d7cb6
templates/blog.liquid:
  development: 2018-05-17T22:24:09-04:00   97eb4d876940b0993b3f41051a90ed7e
templates/cart.liquid:
  development: 2018-05-17T22:24:10-04:00   40e689ab9889dac63f774bc6f042179d
templates/collection.liquid:
  development: 2018-05-17T22:24:12-04:00   3cd51eb782c9cf4806418a0734159107
templates/index.liquid:
  development: 2018-05-16T22:48:12-04:00   0e59767eff4ae57c8bf8a62eef599113
templates/page.liquid:
  development: 2018-05-17T22:24:11-04:00   afd4db9e108321976f6fae83ba43b09d
templates/product.liquid:
  development: 2018-05-17T22:24:09-04:00   16026ea25a07c911371260c79e8cc2f0
templates/search.liquid:
  development: 2018-05-17T22:24:13-04:00   f3325b8b2e787ae461a28cfd53d41cf4
